
Microsoft Visual Studio Solution File, Format Version 12.00
# Visual Studio Version 17
VisualStudioVersion = 17.1.32421.90
MinimumVisualStudioVersion = 10.0.40219.1
Project("{9A19103F-16F7-4668-BE54-9A1E7A4F7556}") = "API", "API\API.csproj", "{444B7C70-A500-415A-9F57-A9B6418B10A2}"
EndProject
Project("{9A19103F-16F7-4668-BE54-9A1E7A4F7556}") = "DAL", "DAL\DAL.csproj", "{9DCFD15E-0538-4237-B211-CD9C5E57AF87}"
EndProject
Project("{9A19103F-16F7-4668-BE54-9A1E7A4F7556}") = "Common", "Common\Common.csproj", "{E5D1DDC8-8B19-4B8A-A4EC-0E385EB3278B}"
EndProject
Project("{9A19103F-16F7-4668-BE54-9A1E7A4F7556}") = "BL", "BL\BL.csproj", "{1BF12B16-3E30-4F31-BA5A-F5B7B1E6D582}"
EndProject
Project("{FAE04EC0-301F-11D3-BF4B-00C04F79EFBC}") = "Frontend", "Frontend\Frontend.csproj", "{6BA64426-A7C0-4969-B7CC-C74171A2C7EE}"
EndProject
Global
	GlobalSection(SolutionConfigurationPlatforms) = preSolution
		Debug|Any CPU = Debug|Any CPU
		Release|Any CPU = Release|Any CPU
	EndGlobalSection
	GlobalSection(ProjectConfigurationPlatforms) = postSolution
		{444B7C70-A500-415A-9F57-A9B6418B10A2}.Debug|Any CPU.ActiveCfg = Debug|Any CPU
		{444B7C70-A500-415A-9F57-A9B6418B10A2}.Debug|Any CPU.Build.0 = Debug|Any CPU
		{444B7C70-A500-415A-9F57-A9B6418B10A2}.Release|Any CPU.ActiveCfg = Release|Any CPU
		{444B7C70-A500-415A-9F57-A9B6418B10A2}.Release|Any CPU.Build.0 = Release|Any CPU
		{9DCFD15E-0538-4237-B211-CD9C5E57AF87}.Debug|Any CPU.ActiveCfg = Debug|Any CPU
		{9DCFD15E-0538-4237-B211-CD9C5E57AF87}.Debug|Any CPU.Build.0 = Debug|Any CPU
		{9DCFD15E-0538-4237-B211-CD9C5E57AF87}.Release|Any CPU.ActiveCfg = Release|Any CPU
		{9DCFD15E-0538-4237-B211-CD9C5E57AF87}.Release|Any CPU.Build.0 = Release|Any CPU
		{E5D1DDC8-8B19-4B8A-A4EC-0E385EB3278B}.Debug|Any CPU.ActiveCfg = Debug|Any CPU
		{E5D1DDC8-8B19-4B8A-A4EC-0E385EB3278B}.Debug|Any CPU.Build.0 = Debug|Any CPU
		{E5D1DDC8-8B19-4B8A-A4EC-0E385EB3278B}.Release|Any CPU.ActiveCfg = Release|Any CPU
		{E5D1DDC8-8B19-4B8A-A4EC-0E385EB3278B}.Release|Any CPU.Build.0 = Release|Any CPU
		{1BF12B16-3E30-4F31-BA5A-F5B7B1E6D582}.Debug|Any CPU.ActiveCfg = Debug|Any CPU
		{1BF12B16-3E30-4F31-BA5A-F5B7B1E6D582}.Debug|Any CPU.Build.0 = Debug|Any CPU
		{1BF12B16-3E30-4F31-BA5A-F5B7B1E6D582}.Release|Any CPU.ActiveCfg = Release|Any CPU
		{1BF12B16-3E30-4F31-BA5A-F5B7B1E6D582}.Release|Any CPU.Build.0 = Release|Any CPU
		{6BA64426-A7C0-4969-B7CC-C74171A2C7EE}.Debug|Any CPU.ActiveCfg = Debug|Any CPU
		{6BA64426-A7C0-4969-B7CC-C74171A2C7EE}.Debug|Any CPU.Build.0 = Debug|Any CPU
		{6BA64426-A7C0-4969-B7CC-C74171A2C7EE}.Release|Any CPU.ActiveCfg = Release|Any CPU
		{6BA64426-A7C0-4969-B7CC-C74171A2C7EE}.Release|Any CPU.Build.0 = Release|Any CPU
	EndGlobalSection
	GlobalSection(SolutionProperties) = preSolution
		HideSolutionNode = FALSE
	EndGlobalSection
	GlobalSection(ExtensibilityGlobals) = postSolution
		SolutionGuid = {E9E2F12D-7A58-48D5-BC4D-52096EB41931}
	EndGlobalSection
EndGlobal
